
Microsoft Visual Studio Solution File, Format Version 12.00
# Visual Studio Version 17
VisualStudioVersion = 17.9.34728.123
MinimumVisualStudioVersion = 10.0.40219.1
Project("{FAE04EC0-301F-11D3-BF4B-00C04F79EFBC}") = "3716370Practica13", "3716370Practica13.csproj", "{6E3E5892-2FCD-4FF3-973C-447EB2E3AABE}"
EndProject
Global
	GlobalSection(SolutionConfigurationPlatforms) = preSolution
		Debug|Any CPU = Debug|Any CPU
		Release|Any CPU = Release|Any CPU
	EndGlobalSection
	GlobalSection(ProjectConfigurationPlatforms) = postSolution
		{6E3E5892-2FCD-4FF3-973C-447EB2E3AABE}.Debug|Any CPU.ActiveCfg = Debug|Any CPU
		{6E3E5892-2FCD-4FF3-973C-447EB2E3AABE}.Debug|Any CPU.Build.0 = Debug|Any CPU
		{6E3E5892-2FCD-4FF3-973C-447EB2E3AABE}.Debug|Any CPU.Deploy.0 = Debug|Any CPU
		{6E3E5892-2FCD-4FF3-973C-447EB2E3AABE}.Release|Any CPU.ActiveCfg = Release|Any CPU
		{6E3E5892-2FCD-4FF3-973C-447EB2E3AABE}.Release|Any CPU.Build.0 = Release|Any CPU
		{6E3E5892-2FCD-4FF3-973C-447EB2E3AABE}.Release|Any CPU.Deploy.0 = Release|Any CPU
	EndGlobalSection
	GlobalSection(SolutionProperties) = preSolution
		HideSolutionNode = FALSE
	EndGlobalSection
	GlobalSection(ExtensibilityGlobals) = postSolution
		SolutionGuid = {1047EA9E-040C-4FD1-87D3-96CC39C6DB21}
	EndGlobalSection
EndGlobal
